
Microsoft Visual Studio Solution File, Format Version 12.00
# Visual Studio Version 16
VisualStudioVersion = 16.0.31112.23
MinimumVisualStudioVersion = 10.0.40219.1
Project("{FAE04EC0-301F-11D3-BF4B-00C04F79EFBC}") = "Racing", "Racing\Racing.csproj", "{B4E9482B-F61E-4C24-BFF2-DEFD605FB8E8}"
EndProject
Global
	GlobalSection(SolutionConfigurationPlatforms) = preSolution
		Debug|Any CPU = Debug|Any CPU
		Release|Any CPU = Release|Any CPU
	EndGlobalSection
	GlobalSection(ProjectConfigurationPlatforms) = postSolution
		{B4E9482B-F61E-4C24-BFF2-DEFD605FB8E8}.Debug|Any CPU.ActiveCfg = Debug|Any CPU
		{B4E9482B-F61E-4C24-BFF2-DEFD605FB8E8}.Debug|Any CPU.Build.0 = Debug|Any CPU
		{B4E9482B-F61E-4C24-BFF2-DEFD605FB8E8}.Release|Any CPU.ActiveCfg = Release|Any CPU
		{B4E9482B-F61E-4C24-BFF2-DEFD605FB8E8}.Release|Any CPU.Build.0 = Release|Any CPU
	EndGlobalSection
	GlobalSection(SolutionProperties) = preSolution
		HideSolutionNode = FALSE
	EndGlobalSection
	GlobalSection(ExtensibilityGlobals) = postSolution
		SolutionGuid = {BB75F194-1A2F-4947-B54C-DADA3B0CC850}
	EndGlobalSection
EndGlobal
